// !$*UTF8*$!
{
	archiveVersion = 1;
	classes = {
	};
	objectVersion = 50;
	objects = {

/* Begin PBXBuildFile section */
		D88B75F321A77D7000951228 /* AppDelegate.m in Sources */ = {isa = PBXBuildFile; fileRef = D88B75F221A77D7000951228 /* AppDelegate.m */; };
		D88B75F621A77D7000951228 /* ViewController.m in Sources */ = {isa = PBXBuildFile; fileRef = D88B75F521A77D7000951228 /* ViewController.m */; };
		D88B75F921A77D7000951228 /* Main.storyboard in Resources */ = {isa = PBXBuildFile; fileRef = D88B75F721A77D7000951228 /* Main.storyboard */; };
		D88B75FB21A77D7100951228 /* Assets.xcassets in Resources */ = {isa = PBXBuildFile; fileRef = D88B75FA21A77D7100951228 /* Assets.xcassets */; };
		D88B75FE21A77D7100951228 /* LaunchScreen.storyboard in Resources */ = {isa = PBXBuildFile; fileRef = D88B75FC21A77D7100951228 /* LaunchScreen.storyboard */; };
		D88B760121A77D7100951228 /* main.m in Sources */ = {isa = PBXBuildFile; fileRef = D88B760021A77D7100951228 /* main.m */; };
/* End PBXBuildFile section */

/* Begin PBXFileReference section */
		D88B75EE21A77D7000951228 /* RouterDemo.app */ = {isa = PBXFileReference; explicitFileType = wrapper.application; includeInIndex = 0; path = RouterDemo.app; sourceTree = BUILT_PRODUCTS_DIR; };
		D88B75F121A77D7000951228 /* AppDelegate.h */ = {isa = PBXFileReference; lastKnownFileType = sourcecode.c.h; path = AppDelegate.h; sourceTree = "<group>"; };
		D88B75F221A77D7000951228 /* AppDelegate.m */ = {isa = PBXFileReference; lastKnownFileType = sourcecode.c.objc; path = AppDelegate.m; sourceTree = "<group>"; };
		D88B75F421A77D7000951228 /* ViewController.h */ = {isa = PBXFileReference; lastKnownFileType = sourcecode.c.h; path = ViewController.h; sourceTree = "<group>"; };
		D88B75F521A77D7000951228 /* ViewController.m */ = {isa = PBXFileReference; lastKnownFileType = sourcecode.c.objc; path = ViewController.m; sourceTree = "<group>"; };
		D88B75F821A77D7000951228 /* Base */ = {isa = PBXFileReference; lastKnownFileType = file.storyboard; name = Base; path = Base.lproj/Main.storyboard; sourceTree = "<group>"; };
		D88B75FA21A77D7100951228 /* Assets.xcassets */ = {isa = PBXFileReference; lastKnownFileType = folder.assetcatalog; path = Assets.xcassets; sourceTree = "<group>"; };
		D88B75FD21A77D7100951228 /* Base */ = {isa = PBXFileReference; lastKnownFileType = file.storyboard; name = Base; path = Base.lproj/LaunchScreen.storyboard; sourceTree = "<group>"; };
		D88B75FF21A77D7100951228 /* Info.plist */ = {isa = PBXFileReference; lastKnownFileType = text.plist.xml; path = Info.plist; sourceTree = "<group>"; };
		D88B760021A77D7100951228 /* main.m */ = {isa = PBXFileReference; lastKnownFileType = sourcecode.c.objc; path = main.m; sourceTree = "<group>"; };
/* End PBXFileReference section */

/* Begin PBXFrameworksBuildPhase section */
		D88B75EB21A77D7000951228 /* Frameworks */ = {
			isa = PBXFrameworksBuildPhase;
			buildActionMask = 2147483647;
			files = (
			);
			runOnlyForDeploymentPostprocessing = 0;
		};
/* End PBXFrameworksBuildPhase section */

/* Begin PBXGroup section */
		D88B75E521A77D7000951228 = {
			isa = PBXGroup;
			children = (
				D88B75F021A77D7000951228 /* RouterDemo */,
				D88B75EF21A77D7000951228 /* Products */,
			);
			sourceTree = "<group>";
		};
		D88B75EF21A77D7000951228 /* Products */ = {
			isa = PBXGroup;
			children = (
				D88B75EE21A77D7000951228 /* RouterDemo.app */,
			);
			name = Products;
			sourceTree = "<group>";
		};
		D88B75F021A77D7000951228 /* RouterDemo */ = {
			isa = PBXGroup;
			children = (
				D88B75F121A77D7000951228 /* AppDelegate.h */,
				D88B75F221A77D7000951228 /* AppDelegate.m */,
				D88B75F421A77D7000951228 /* ViewController.h */,
				D88B75F521A77D7000951228 /* ViewController.m */,
				D88B75F721A77D7000951228 /* Main.storyboard */,
				D88B75FA21A77D7100951228 /* Assets.xcassets */,
				D88B75FC21A77D7100951228 /* LaunchScreen.storyboard */,
				D88B75FF21A77D7100951228 /* Info.plist */,
				D88B760021A77D7100951228 /* main.m */,
			);
			path = RouterDemo;
			sourceTree = "<group>";
		};
/* End PBXGroup section */

/* Begin PBXNativeTarget section */
		D88B75ED21A77D7000951228 /* RouterDemo */ = {
			isa = PBXNativeTarget;
			buildConfigurationList = D88B760421A77D7100951228 /* Build configuration list for PBXNativeTarget "RouterDemo" */;
			buildPhases = (
				D88B75EA21A77D7000951228 /* Sources */,
				D88B75EB21A77D7000951228 /* Frameworks */,
				D88B75EC21A77D7000951228 /* Resources */,
			);
			buildRules = (
			);
			dependencies = (
			);
			name = RouterDemo;
			productName = RouterDemo;
			productReference = D88B75EE21A77D7000951228 /* RouterDemo.app */;
			productType = "com.apple.product-type.application";
		};
/* End PBXNativeTarget section */

/* Begin PBXProject section */
		D88B75E621A77D7000951228 /* Project object */ = {
			isa = PBXProject;
			attributes = {
				LastUpgradeCheck = 1010;
				ORGANIZATIONNAME = dongjiu;
				TargetAttributes = {
					D88B75ED21A77D7000951228 = {
						CreatedOnToolsVersion = 10.1;
					};
				};
			};
			buildConfigurationList = D88B75E921A77D7000951228 /* Build configuration list for PBXProject "RouterDemo" */;
			compatibilityVersion = "Xcode 9.3";
			developmentRegion = en;
			hasScannedForEncodings = 0;
			knownRegions = (
				en,
				Base,
			);
			mainGroup = D88B75E521A77D7000951228;
			productRefGroup = D88B75EF21A77D7000951228 /* Products */;
			projectDirPath = "";
			projectRoot = "";
			targets = (
				D88B75ED21A77D7000951228 /* RouterDemo */,
			);
		};
/* End PBXProject section */

/* Begin PBXResourcesBuildPhase section */
		D88B75EC21A77D7000951228 /* Resources */ = {
			isa = PBXResourcesBuildPhase;
			buildActionMask = 2147483647;
			files = (
				D88B75FE21A77D7100951228 /* LaunchScreen.storyboard in Resources */,
				D88B75FB21A77D7100951228 /* Assets.xcassets in Resources */,
				D88B75F921A77D7000951228 /* Main.storyboard in Resources */,
			);
			runOnlyForDeploymentPostprocessing = 0;
		};
/* End PBXResourcesBuildPhase section */

/* Begin PBXSourcesBuildPhase section */
		D88B75EA21A77D7000951228 /* Sources */ = {
			isa = PBXSourcesBuildPhase;
			buildActionMask = 2147483647;
			files = (
				D88B75F621A77D7000951228 /* ViewController.m in Sources */,
				D88B760121A77D7100951228 /* main.m in Sources */,
				D88B75F321A77D7000951228 /* AppDelegate.m in Sources */,
			);
			runOnlyForDeploymentPostprocessing = 0;
		};
/* End PBXSourcesBuildPhase section */

/* Begin PBXVariantGroup section */
		D88B75F721A77D7000951228 /* Main.storyboard */ = {
			isa = PBXVariantGroup;
			children = (
				D88B75F821A77D7000951228 /* Base */,
			);
			name = Main.storyboard;
			sourceTree = "<group>";
		};
		D88B75FC21A77D7100951228 /* LaunchScreen.storyboard */ = {
			isa = PBXVariantGroup;
			children = (
				D88B75FD21A77D7100951228 /* Base */,
			);
			name = LaunchScreen.storyboard;
			sourceTree = "<group>";
		};
/* End PBXVariantGroup section */

/* Begin XCBuildConfiguration section */
		D88B760221A77D7100951228 /* Debug */ = {
			isa = XCBuildConfiguration;
			buildSettings = {
				ALWAYS_SEARCH_USER_PATHS = NO;
				CLANG_ANALYZER_NONNULL = YES;
				CLANG_ANALYZER_NUMBER_OBJECT_CONVERSION = YES_AGGRESSIVE;
				CLANG_CXX_LANGUAGE_STANDARD = "gnu++14";
				CLANG_CXX_LIBRARY = "libc++";
				CLANG_ENABLE_MODULES = YES;
				CLANG_ENABLE_OBJC_ARC = YES;
				CLANG_ENABLE_OBJC_WEAK = YES;
				CLANG_WARN_BLOCK_CAPTURE_AUTORELEASING = YES;
				CLANG_WARN_BOOL_CONVERSION = YES;
				CLANG_WARN_COMMA = YES;
				CLANG_WARN_CONSTANT_CONVERSION = YES;
				CLANG_WARN_DEPRECATED_OBJC_IMPLEMENTATIONS = YES;
				CLANG_WARN_DIRECT_OBJC_ISA_USAGE = YES_ERROR;
				CLANG_WARN_DOCUMENTATION_COMMENTS = YES;
				CLANG_WARN_EMPTY_BODY = YES;
				CLANG_WARN_ENUM_CONVERSION = YES;
				CLANG_WARN_INFINITE_RECURSION = YES;
				CLANG_WARN_INT_CONVERSION = YES;
				CLANG_WARN_NON_LITERAL_NULL_CONVERSION = YES;
				CLANG_WARN_OBJC_IMPLICIT_RETAIN_SELF = YES;
				CLANG_WARN_OBJC_LITERAL_CONVERSION = YES;
				CLANG_WARN_OBJC_ROOT_CLASS = YES_ERROR;
				CLANG_WARN_RANGE_LOOP_ANALYSIS = YES;
				CLANG_WARN_STRICT_PROTOTYPES = YES;
				CLANG_WARN_SUSPICIOUS_MOVE = YES;
				CLANG_WARN_UNGUARDED_AVAILABILITY = YES_AGGRESSIVE;
				CLANG_WARN_UNREACHABLE_CODE = YES;
				CLANG_WARN__DUPLICATE_METHOD_MATCH = YES;
				CODE_SIGN_IDENTITY = "iPhone Developer";
				COPY_PHASE_STRIP = NO;
				DEBUG_INFORMATION_FORMAT = dwarf;
				ENABLE_STRICT_OBJC_MSGSEND = YES;
				ENABLE_TESTABILITY = YES;
				GCC_C_LANGUAGE_STANDARD = gnu11;
				GCC_DYNAMIC_NO_PIC = NO;
				GCC_NO_COMMON_BLOCKS = YES;
				GCC_OPTIMIZATION_LEVEL = 0;
				GCC_PREPROCESSOR_DEFINITIONS = (
					"DEBUG=1",
					"$(inherited)",
				);
				GCC_WARN_64_TO_32_BIT_CONVERSION = YES;
				GCC_WARN_ABOUT_RETURN_TYPE = YES_ERROR;
				GCC_WARN_UNDECLARED_SELECTOR = YES;
				GCC_WARN_UNINITIALIZED_AUTOS = YES_AGGRESSIVE;
				GCC_WARN_UNUSED_FUNCTION = YES;
				GCC_WARN_UNUSED_VARIABLE = YES;
				IPHONEOS_DEPLOYMENT_TARGET = 12.1;
				MTL_ENABLE_DEBUG_INFO = INCLUDE_SOURCE;
				MTL_FAST_MATH = YES;
				ONLY_ACTIVE_ARCH = YES;
				SDKROOT = iphoneos;
			};
			name = Debug;
		};
		D88B760321A77D7100951228 /* Release */ = {
			isa = XCBuildConfiguration;
			buildSettings = {
				ALWAYS_SEARCH_USER_PATHS = NO;
				CLANG_ANALYZER_NONNULL = YES;
				CLANG_ANALYZER_NUMBER_OBJECT_CONVERSION = YES_AGGRESSIVE;
				CLANG_CXX_LANGUAGE_STANDARD = "gnu++14";
				CLANG_CXX_LIBRARY = "libc++";
				CLANG_ENABLE_MODULES = YES;
				CLANG_ENABLE_OBJC_ARC = YES;
				CLANG_ENABLE_OBJC_WEAK = YES;
				CLANG_WARN_BLOCK_CAPTURE_AUTORELEASING = YES;
				CLANG_WARN_BOOL_CONVERSION = YES;
				CLANG_WARN_COMMA = YES;
				CLANG_WARN_CONSTANT_CONVERSION = YES;
				CLANG_WARN_DEPRECATED_OBJC_IMPLEMENTATIONS = YES;
				CLANG_WARN_DIRECT_OBJC_ISA_USAGE = YES_ERROR;
				CLANG_WARN_DOCUMENTATION_COMMENTS = YES;
				CLANG_WARN_EMPTY_BODY = YES;
				CLANG_WARN_ENUM_CONVERSION = YES;
				CLANG_WARN_INFINITE_RECURSION = YES;
				CLANG_WARN_INT_CONVERSION = YES;
				CLANG_WARN_NON_LITERAL_NULL_CONVERSION = YES;
				CLANG_WARN_OBJC_IMPLICIT_RETAIN_SELF = YES;
				CLANG_WARN_OBJC_LITERAL_CONVERSION = YES;
				CLANG_WARN_OBJC_ROOT_CLASS = YES_ERROR;
				CLANG_WARN_RANGE_LOOP_ANALYSIS = YES;
				CLANG_WARN_STRICT_PROTOTYPES = YES;
				CLANG_WARN_SUSPICIOUS_MOVE = YES;
				CLANG_WARN_UNGUARDED_AVAILABILITY = YES_AGGRESSIVE;
				CLANG_WARN_UNREACHABLE_CODE = YES;
				CLANG_WARN__DUPLICATE_METHOD_MATCH = YES;
				CODE_SIGN_IDENTITY = "iPhone Developer";
				COPY_PHASE_STRIP = NO;
				DEBUG_INFORMATION_FORMAT = "dwarf-with-dsym";
				ENABLE_NS_ASSERTIONS = NO;
				ENABLE_STRICT_OBJC_MSGSEND = YES;
				GCC_C_LANGUAGE_STANDARD = gnu11;
				GCC_NO_COMMON_BLOCKS = YES;
				GCC_WARN_64_TO_32_BIT_CONVERSION = YES;
				GCC_WARN_ABOUT_RETURN_TYPE = YES_ERROR;
				GCC_WARN_UNDECLARED_SELECTOR = YES;
				GCC_WARN_UNINITIALIZED_AUTOS = YES_AGGRESSIVE;
				GCC_WARN_UNUSED_FUNCTION = YES;
				GCC_WARN_UNUSED_VARIABLE = YES;
				IPHONEOS_DEPLOYMENT_TARGET = 12.1;
				MTL_ENABLE_DEBUG_INFO = NO;
				MTL_FAST_MATH = YES;
				SDKROOT = iphoneos;
				VALIDATE_PRODUCT = YES;
			};
			name = Release;
		};
		D88B760521A77D7100951228 /* Debug */ = {
			isa = XCBuildConfiguration;
			buildSettings = {
				ASSETCATALOG_COMPILER_APPICON_NAME = AppIcon;
				CODE_SIGN_STYLE = Automatic;
				DEVELOPMENT_TEAM = AAV8FD48R9;
				INFOPLIST_FILE = RouterDemo/Info.plist;
				LD_RUNPATH_SEARCH_PATHS = (
					"$(inherited)",
					"@executable_path/Frameworks",
				);
				PRODUCT_BUNDLE_IDENTIFIER = com.alexiuce.RouterDemo;
				PRODUCT_NAME = "$(TARGET_NAME)";
				TARGETED_DEVICE_FAMILY = "1,2";
			};
			name = Debug;
		};
		D88B760621A77D7100951228 /* Release */ = {
			isa = XCBuildConfiguration;
			buildSettings = {
				ASSETCATALOG_COMPILER_APPICON_NAME = AppIcon;
				CODE_SIGN_STYLE = Automatic;
				DEVELOPMENT_TEAM = AAV8FD48R9;
				INFOPLIST_FILE = RouterDemo/Info.plist;
				LD_RUNPATH_SEARCH_PATHS = (
					"$(inherited)",
					"@executable_path/Frameworks",
				);
				PRODUCT_BUNDLE_IDENTIFIER = com.alexiuce.RouterDemo;
				PRODUCT_NAME = "$(TARGET_NAME)";
				TARGETED_DEVICE_FAMILY = "1,2";
			};
			name = Release;
		};
/* End XCBuildConfiguration section */

/* Begin XCConfigurationList section */
		D88B75E921A77D7000951228 /* Build configuration list for PBXProject "RouterDemo" */ = {
			isa = XCConfigurationList;
			buildConfigurations = (
				D88B760221A77D7100951228 /* Debug */,
				D88B760321A77D7100951228 /* Release */,
			);
			defaultConfigurationIsVisible = 0;
			defaultConfigurationName = Release;
		};
		D88B760421A77D7100951228 /* Build configuration list for PBXNativeTarget "RouterDemo" */ = {
			isa = XCConfigurationList;
			buildConfigurations = (
				D88B760521A77D7100951228 /* Debug */,
				D88B760621A77D7100951228 /* Release */,
			);
			defaultConfigurationIsVisible = 0;
			defaultConfigurationName = Release;
		};
/* End XCConfigurationList section */
	};
	rootObject = D88B75E621A77D7000951228 /* Project object */;
}
