// !$*UTF8*$!
{
	archiveVersion = 1;
	classes = {
	};
	objectVersion = 50;
	objects = {

/* Begin PBXBuildFile section */
		D82990F321AB758A00B59018 /* XCAppEnterViewController.m in Sources */ = {isa = PBXBuildFile; fileRef = D82990F221AB758A00B59018 /* XCAppEnterViewController.m */; };
		D82990F921ABBF8F00B59018 /* XCAppPresentViewController.m in Sources */ = {isa = PBXBuildFile; fileRef = D82990F821ABBF8F00B59018 /* XCAppPresentViewController.m */; };
		D8409BAB21AF6542001670A1 /* XCRunloopManager.m in Sources */ = {isa = PBXBuildFile; fileRef = D8409BAA21AF6542001670A1 /* XCRunloopManager.m */; };
		D8409BAF21AF6A0D001670A1 /* XCView.m in Sources */ = {isa = PBXBuildFile; fileRef = D8409BAE21AF6A0D001670A1 /* XCView.m */; };
		D848356B21B60760006C7AA4 /* AppDelegate.m in Sources */ = {isa = PBXBuildFile; fileRef = D848356A21B60760006C7AA4 /* AppDelegate.m */; };
		D848356E21B60760006C7AA4 /* ViewController.m in Sources */ = {isa = PBXBuildFile; fileRef = D848356D21B60760006C7AA4 /* ViewController.m */; };
		D848357121B60760006C7AA4 /* Main.storyboard in Resources */ = {isa = PBXBuildFile; fileRef = D848356F21B60760006C7AA4 /* Main.storyboard */; };
		D848357321B60762006C7AA4 /* Assets.xcassets in Resources */ = {isa = PBXBuildFile; fileRef = D848357221B60762006C7AA4 /* Assets.xcassets */; };
		D848357621B60762006C7AA4 /* LaunchScreen.storyboard in Resources */ = {isa = PBXBuildFile; fileRef = D848357421B60762006C7AA4 /* LaunchScreen.storyboard */; };
		D848357921B60762006C7AA4 /* main.m in Sources */ = {isa = PBXBuildFile; fileRef = D848357821B60762006C7AA4 /* main.m */; };
		D848358521B63086006C7AA4 /* XCUnitTest.m in Sources */ = {isa = PBXBuildFile; fileRef = D848358421B63086006C7AA4 /* XCUnitTest.m */; };
		D848358C21B630A7006C7AA4 /* XCPerson.m in Sources */ = {isa = PBXBuildFile; fileRef = D848358B21B630A7006C7AA4 /* XCPerson.m */; };
		D86BF0C521BF48B000405628 /* XCViewModel.m in Sources */ = {isa = PBXBuildFile; fileRef = D86BF0C421BF48B000405628 /* XCViewModel.m */; };
		D87E283D21B4AECF00CA93CD /* XCScrollView.m in Sources */ = {isa = PBXBuildFile; fileRef = D87E283C21B4AECF00CA93CD /* XCScrollView.m */; };
		D8836FF721BA05800044C67C /* XCTabBarController.m in Sources */ = {isa = PBXBuildFile; fileRef = D8836FF621BA05800044C67C /* XCTabBarController.m */; };
		D88B75F321A77D7000951228 /* AppDelegate.m in Sources */ = {isa = PBXBuildFile; fileRef = D88B75F221A77D7000951228 /* AppDelegate.m */; };
		D88B75F621A77D7000951228 /* ViewController.m in Sources */ = {isa = PBXBuildFile; fileRef = D88B75F521A77D7000951228 /* ViewController.m */; };
		D88B75F921A77D7000951228 /* Main.storyboard in Resources */ = {isa = PBXBuildFile; fileRef = D88B75F721A77D7000951228 /* Main.storyboard */; };
		D88B75FB21A77D7100951228 /* Assets.xcassets in Resources */ = {isa = PBXBuildFile; fileRef = D88B75FA21A77D7100951228 /* Assets.xcassets */; };
		D88B75FE21A77D7100951228 /* LaunchScreen.storyboard in Resources */ = {isa = PBXBuildFile; fileRef = D88B75FC21A77D7100951228 /* LaunchScreen.storyboard */; };
		D88B760121A77D7100951228 /* main.m in Sources */ = {isa = PBXBuildFile; fileRef = D88B760021A77D7100951228 /* main.m */; };
		D89608B421C1E069004A2EE1 /* XCCollectionViewController.m in Sources */ = {isa = PBXBuildFile; fileRef = D89608B321C1E069004A2EE1 /* XCCollectionViewController.m */; };
		D89608B721C1E1D8004A2EE1 /* XCImageIOCollectionViewCell.m in Sources */ = {isa = PBXBuildFile; fileRef = D89608B621C1E1D8004A2EE1 /* XCImageIOCollectionViewCell.m */; };
		D89608B921C1E43D004A2EE1 /* Image in Resources */ = {isa = PBXBuildFile; fileRef = D89608B821C1E43D004A2EE1 /* Image */; };
		D8A4625121B8B16800914CE8 /* AppDelegate.m in Sources */ = {isa = PBXBuildFile; fileRef = D8A4625021B8B16800914CE8 /* AppDelegate.m */; };
		D8A4625421B8B16800914CE8 /* ViewController.m in Sources */ = {isa = PBXBuildFile; fileRef = D8A4625321B8B16800914CE8 /* ViewController.m */; };
		D8A4625721B8B16800914CE8 /* Main.storyboard in Resources */ = {isa = PBXBuildFile; fileRef = D8A4625521B8B16800914CE8 /* Main.storyboard */; };
		D8A4625921B8B16A00914CE8 /* Assets.xcassets in Resources */ = {isa = PBXBuildFile; fileRef = D8A4625821B8B16A00914CE8 /* Assets.xcassets */; };
		D8A4625C21B8B16A00914CE8 /* LaunchScreen.storyboard in Resources */ = {isa = PBXBuildFile; fileRef = D8A4625A21B8B16A00914CE8 /* LaunchScreen.storyboard */; };
		D8A4625F21B8B16A00914CE8 /* main.m in Sources */ = {isa = PBXBuildFile; fileRef = D8A4625E21B8B16A00914CE8 /* main.m */; };
		D8A4626521B8C8CA00914CE8 /* XCViewCell.m in Sources */ = {isa = PBXBuildFile; fileRef = D8A4626421B8C8CA00914CE8 /* XCViewCell.m */; };
		D8C138CD21ACD25A00FA92C4 /* XCRecentViewController.m in Sources */ = {isa = PBXBuildFile; fileRef = D8C138CC21ACD25A00FA92C4 /* XCRecentViewController.m */; };
		D8C138D521ACDAB400FA92C4 /* RouterDemoUITests.m in Sources */ = {isa = PBXBuildFile; fileRef = D8C138D421ACDAB400FA92C4 /* RouterDemoUITests.m */; };
		D8CBB3FD21B4FF3700D243FC /* main.m in Sources */ = {isa = PBXBuildFile; fileRef = D8CBB3FC21B4FF3700D243FC /* main.m */; };
		D8CF334121BF565A00682A75 /* XCTableViewController.m in Sources */ = {isa = PBXBuildFile; fileRef = D8CF334021BF565A00682A75 /* XCTableViewController.m */; };
		D8CF334F21BF7F6C00682A75 /* XCDrawingView.m in Sources */ = {isa = PBXBuildFile; fileRef = D8CF334E21BF7F6C00682A75 /* XCDrawingView.m */; };
		D8EB202721C08CE100F488E0 /* XCDrawingViewController.m in Sources */ = {isa = PBXBuildFile; fileRef = D8EB202621C08CE100F488E0 /* XCDrawingViewController.m */; };
/* End PBXBuildFile section */

/* Begin PBXContainerItemProxy section */
		D848358D21B639DA006C7AA4 /* PBXContainerItemProxy */ = {
			isa = PBXContainerItemProxy;
			containerPortal = D88B75E621A77D7000951228 /* Project object */;
			proxyType = 1;
			remoteGlobalIDString = D848356621B60760006C7AA4;
			remoteInfo = CADemo;
		};
		D8C138D721ACDAB400FA92C4 /* PBXContainerItemProxy */ = {
			isa = PBXContainerItemProxy;
			containerPortal = D88B75E621A77D7000951228 /* Project object */;
			proxyType = 1;
			remoteGlobalIDString = D88B75ED21A77D7000951228;
			remoteInfo = RouterDemo;
		};
/* End PBXContainerItemProxy section */

/* Begin PBXCopyFilesBuildPhase section */
		D8CBB3F821B4FF3700D243FC /* CopyFiles */ = {
			isa = PBXCopyFilesBuildPhase;
			buildActionMask = 2147483647;
			dstPath = /usr/share/man/man1/;
			dstSubfolderSpec = 0;
			files = (
			);
			runOnlyForDeploymentPostprocessing = 1;
		};
/* End PBXCopyFilesBuildPhase section */

/* Begin PBXFileReference section */
		D80099B021BDE9980094AF89 /* README.md */ = {isa = PBXFileReference; lastKnownFileType = net.daringfireball.markdown; path = README.md; sourceTree = "<group>"; };
		D82990F221AB758A00B59018 /* XCAppEnterViewController.m */ = {isa = PBXFileReference; lastKnownFileType = sourcecode.c.objc; path = XCAppEnterViewController.m; sourceTree = "<group>"; };
		D82990F521AB783500B59018 /* XCAppEnterViewController.h */ = {isa = PBXFileReference; fileEncoding = 4; lastKnownFileType = sourcecode.c.h; path = XCAppEnterViewController.h; sourceTree = "<group>"; };
		D82990F721ABBF8F00B59018 /* XCAppPresentViewController.h */ = {isa = PBXFileReference; lastKnownFileType = sourcecode.c.h; path = XCAppPresentViewController.h; sourceTree = "<group>"; };
		D82990F821ABBF8F00B59018 /* XCAppPresentViewController.m */ = {isa = PBXFileReference; lastKnownFileType = sourcecode.c.objc; path = XCAppPresentViewController.m; sourceTree = "<group>"; };
		D8409BA921AF6542001670A1 /* XCRunloopManager.h */ = {isa = PBXFileReference; lastKnownFileType = sourcecode.c.h; path = XCRunloopManager.h; sourceTree = "<group>"; };
		D8409BAA21AF6542001670A1 /* XCRunloopManager.m */ = {isa = PBXFileReference; lastKnownFileType = sourcecode.c.objc; path = XCRunloopManager.m; sourceTree = "<group>"; };
		D8409BAD21AF6A0D001670A1 /* XCView.h */ = {isa = PBXFileReference; lastKnownFileType = sourcecode.c.h; path = XCView.h; sourceTree = "<group>"; };
		D8409BAE21AF6A0D001670A1 /* XCView.m */ = {isa = PBXFileReference; lastKnownFileType = sourcecode.c.objc; path = XCView.m; sourceTree = "<group>"; };
		D848356721B60760006C7AA4 /* CADemo.app */ = {isa = PBXFileReference; explicitFileType = wrapper.application; includeInIndex = 0; path = CADemo.app; sourceTree = BUILT_PRODUCTS_DIR; };
		D848356921B60760006C7AA4 /* AppDelegate.h */ = {isa = PBXFileReference; lastKnownFileType = sourcecode.c.h; path = AppDelegate.h; sourceTree = "<group>"; };
		D848356A21B60760006C7AA4 /* AppDelegate.m */ = {isa = PBXFileReference; lastKnownFileType = sourcecode.c.objc; path = AppDelegate.m; sourceTree = "<group>"; };
		D848356C21B60760006C7AA4 /* ViewController.h */ = {isa = PBXFileReference; lastKnownFileType = sourcecode.c.h; path = ViewController.h; sourceTree = "<group>"; };
		D848356D21B60760006C7AA4 /* ViewController.m */ = {isa = PBXFileReference; lastKnownFileType = sourcecode.c.objc; path = ViewController.m; sourceTree = "<group>"; };
		D848357021B60760006C7AA4 /* Base */ = {isa = PBXFileReference; lastKnownFileType = file.storyboard; name = Base; path = Base.lproj/Main.storyboard; sourceTree = "<group>"; };
		D848357221B60762006C7AA4 /* Assets.xcassets */ = {isa = PBXFileReference; lastKnownFileType = folder.assetcatalog; path = Assets.xcassets; sourceTree = "<group>"; };
		D848357521B60762006C7AA4 /* Base */ = {isa = PBXFileReference; lastKnownFileType = file.storyboard; name = Base; path = Base.lproj/LaunchScreen.storyboard; sourceTree = "<group>"; };
		D848357721B60762006C7AA4 /* Info.plist */ = {isa = PBXFileReference; lastKnownFileType = text.plist.xml; path = Info.plist; sourceTree = "<group>"; };
		D848357821B60762006C7AA4 /* main.m */ = {isa = PBXFileReference; lastKnownFileType = sourcecode.c.objc; path = main.m; sourceTree = "<group>"; };
		D848358221B63085006C7AA4 /* XCUnitTest.xctest */ = {isa = PBXFileReference; explicitFileType = wrapper.cfbundle; includeInIndex = 0; path = XCUnitTest.xctest; sourceTree = BUILT_PRODUCTS_DIR; };
		D848358421B63086006C7AA4 /* XCUnitTest.m */ = {isa = PBXFileReference; lastKnownFileType = sourcecode.c.objc; path = XCUnitTest.m; sourceTree = "<group>"; };
		D848358621B63086006C7AA4 /* Info.plist */ = {isa = PBXFileReference; lastKnownFileType = text.plist.xml; path = Info.plist; sourceTree = "<group>"; };
		D848358A21B630A7006C7AA4 /* XCPerson.h */ = {isa = PBXFileReference; lastKnownFileType = sourcecode.c.h; path = XCPerson.h; sourceTree = "<group>"; };
		D848358B21B630A7006C7AA4 /* XCPerson.m */ = {isa = PBXFileReference; lastKnownFileType = sourcecode.c.objc; path = XCPerson.m; sourceTree = "<group>"; };
		D86BF0C321BF48B000405628 /* XCViewModel.h */ = {isa = PBXFileReference; lastKnownFileType = sourcecode.c.h; path = XCViewModel.h; sourceTree = "<group>"; };
		D86BF0C421BF48B000405628 /* XCViewModel.m */ = {isa = PBXFileReference; lastKnownFileType = sourcecode.c.objc; path = XCViewModel.m; sourceTree = "<group>"; };
		D87E283B21B4AECF00CA93CD /* XCScrollView.h */ = {isa = PBXFileReference; lastKnownFileType = sourcecode.c.h; path = XCScrollView.h; sourceTree = "<group>"; };
		D87E283C21B4AECF00CA93CD /* XCScrollView.m */ = {isa = PBXFileReference; lastKnownFileType = sourcecode.c.objc; path = XCScrollView.m; sourceTree = "<group>"; };
		D8836FF521BA05800044C67C /* XCTabBarController.h */ = {isa = PBXFileReference; lastKnownFileType = sourcecode.c.h; path = XCTabBarController.h; sourceTree = "<group>"; };
		D8836FF621BA05800044C67C /* XCTabBarController.m */ = {isa = PBXFileReference; lastKnownFileType = sourcecode.c.objc; path = XCTabBarController.m; sourceTree = "<group>"; };
		D88B75EE21A77D7000951228 /* RouterDemo.app */ = {isa = PBXFileReference; explicitFileType = wrapper.application; includeInIndex = 0; path = RouterDemo.app; sourceTree = BUILT_PRODUCTS_DIR; };
		D88B75F121A77D7000951228 /* AppDelegate.h */ = {isa = PBXFileReference; lastKnownFileType = sourcecode.c.h; path = AppDelegate.h; sourceTree = "<group>"; };
		D88B75F221A77D7000951228 /* AppDelegate.m */ = {isa = PBXFileReference; lastKnownFileType = sourcecode.c.objc; path = AppDelegate.m; sourceTree = "<group>"; };
		D88B75F421A77D7000951228 /* ViewController.h */ = {isa = PBXFileReference; lastKnownFileType = sourcecode.c.h; path = ViewController.h; sourceTree = "<group>"; };
		D88B75F521A77D7000951228 /* ViewController.m */ = {isa = PBXFileReference; lastKnownFileType = sourcecode.c.objc; path = ViewController.m; sourceTree = "<group>"; };
		D88B75F821A77D7000951228 /* Base */ = {isa = PBXFileReference; lastKnownFileType = file.storyboard; name = Base; path = Base.lproj/Main.storyboard; sourceTree = "<group>"; };
		D88B75FA21A77D7100951228 /* Assets.xcassets */ = {isa = PBXFileReference; lastKnownFileType = folder.assetcatalog; path = Assets.xcassets; sourceTree = "<group>"; };
		D88B75FD21A77D7100951228 /* Base */ = {isa = PBXFileReference; lastKnownFileType = file.storyboard; name = Base; path = Base.lproj/LaunchScreen.storyboard; sourceTree = "<group>"; };
		D88B75FF21A77D7100951228 /* Info.plist */ = {isa = PBXFileReference; lastKnownFileType = text.plist.xml; path = Info.plist; sourceTree = "<group>"; };
		D88B760021A77D7100951228 /* main.m */ = {isa = PBXFileReference; lastKnownFileType = sourcecode.c.objc; path = main.m; sourceTree = "<group>"; };
		D88B760721A78AC100951228 /* XCFakeCode.sh */ = {isa = PBXFileReference; lastKnownFileType = text.script.sh; path = XCFakeCode.sh; sourceTree = "<group>"; };
		D89608B221C1E069004A2EE1 /* XCCollectionViewController.h */ = {isa = PBXFileReference; lastKnownFileType = sourcecode.c.h; path = XCCollectionViewController.h; sourceTree = "<group>"; };
		D89608B321C1E069004A2EE1 /* XCCollectionViewController.m */ = {isa = PBXFileReference; lastKnownFileType = sourcecode.c.objc; path = XCCollectionViewController.m; sourceTree = "<group>"; };
		D89608B521C1E1D8004A2EE1 /* XCImageIOCollectionViewCell.h */ = {isa = PBXFileReference; lastKnownFileType = sourcecode.c.h; path = XCImageIOCollectionViewCell.h; sourceTree = "<group>"; };
		D89608B621C1E1D8004A2EE1 /* XCImageIOCollectionViewCell.m */ = {isa = PBXFileReference; lastKnownFileType = sourcecode.c.objc; path = XCImageIOCollectionViewCell.m; sourceTree = "<group>"; };
		D89608B821C1E43D004A2EE1 /* Image */ = {isa = PBXFileReference; lastKnownFileType = folder; path = Image; sourceTree = "<group>"; };
		D8A4624D21B8B16800914CE8 /* UICollectionViewDemo.app */ = {isa = PBXFileReference; explicitFileType = wrapper.application; includeInIndex = 0; path = UICollectionViewDemo.app; sourceTree = BUILT_PRODUCTS_DIR; };
		D8A4624F21B8B16800914CE8 /* AppDelegate.h */ = {isa = PBXFileReference; lastKnownFileType = sourcecode.c.h; path = AppDelegate.h; sourceTree = "<group>"; };
		D8A4625021B8B16800914CE8 /* AppDelegate.m */ = {isa = PBXFileReference; lastKnownFileType = sourcecode.c.objc; path = AppDelegate.m; sourceTree = "<group>"; };
		D8A4625221B8B16800914CE8 /* ViewController.h */ = {isa = PBXFileReference; lastKnownFileType = sourcecode.c.h; path = ViewController.h; sourceTree = "<group>"; };
		D8A4625321B8B16800914CE8 /* ViewController.m */ = {isa = PBXFileReference; lastKnownFileType = sourcecode.c.objc; path = ViewController.m; sourceTree = "<group>"; };
		D8A4625621B8B16800914CE8 /* Base */ = {isa = PBXFileReference; lastKnownFileType = file.storyboard; name = Base; path = Base.lproj/Main.storyboard; sourceTree = "<group>"; };
		D8A4625821B8B16A00914CE8 /* Assets.xcassets */ = {isa = PBXFileReference; lastKnownFileType = folder.assetcatalog; path = Assets.xcassets; sourceTree = "<group>"; };
		D8A4625B21B8B16A00914CE8 /* Base */ = {isa = PBXFileReference; lastKnownFileType = file.storyboard; name = Base; path = Base.lproj/LaunchScreen.storyboard; sourceTree = "<group>"; };
		D8A4625D21B8B16A00914CE8 /* Info.plist */ = {isa = PBXFileReference; lastKnownFileType = text.plist.xml; path = Info.plist; sourceTree = "<group>"; };
		D8A4625E21B8B16A00914CE8 /* main.m */ = {isa = PBXFileReference; lastKnownFileType = sourcecode.c.objc; path = main.m; sourceTree = "<group>"; };
		D8A4626321B8C8CA00914CE8 /* XCViewCell.h */ = {isa = PBXFileReference; lastKnownFileType = sourcecode.c.h; path = XCViewCell.h; sourceTree = "<group>"; };
		D8A4626421B8C8CA00914CE8 /* XCViewCell.m */ = {isa = PBXFileReference; lastKnownFileType = sourcecode.c.objc; path = XCViewCell.m; sourceTree = "<group>"; };
		D8C138CB21ACD25A00FA92C4 /* XCRecentViewController.h */ = {isa = PBXFileReference; lastKnownFileType = sourcecode.c.h; path = XCRecentViewController.h; sourceTree = "<group>"; };
		D8C138CC21ACD25A00FA92C4 /* XCRecentViewController.m */ = {isa = PBXFileReference; lastKnownFileType = sourcecode.c.objc; path = XCRecentViewController.m; sourceTree = "<group>"; };
		D8C138D221ACDAB400FA92C4 /* RouterDemoUITests.xctest */ = {isa = PBXFileReference; explicitFileType = wrapper.cfbundle; includeInIndex = 0; path = RouterDemoUITests.xctest; sourceTree = BUILT_PRODUCTS_DIR; };
		D8C138D421ACDAB400FA92C4 /* RouterDemoUITests.m */ = {isa = PBXFileReference; lastKnownFileType = sourcecode.c.objc; path = RouterDemoUITests.m; sourceTree = "<group>"; };
		D8C138D621ACDAB400FA92C4 /* Info.plist */ = {isa = PBXFileReference; lastKnownFileType = text.plist.xml; path = Info.plist; sourceTree = "<group>"; };
		D8CBB3FA21B4FF3700D243FC /* XCARMAssembly */ = {isa = PBXFileReference; explicitFileType = "compiled.mach-o.executable"; includeInIndex = 0; path = XCARMAssembly; sourceTree = BUILT_PRODUCTS_DIR; };
		D8CBB3FC21B4FF3700D243FC /* main.m */ = {isa = PBXFileReference; lastKnownFileType = sourcecode.c.objc; path = main.m; sourceTree = "<group>"; };
		D8CF333F21BF565A00682A75 /* XCTableViewController.h */ = {isa = PBXFileReference; lastKnownFileType = sourcecode.c.h; path = XCTableViewController.h; sourceTree = "<group>"; };
		D8CF334021BF565A00682A75 /* XCTableViewController.m */ = {isa = PBXFileReference; lastKnownFileType = sourcecode.c.objc; path = XCTableViewController.m; sourceTree = "<group>"; };
		D8CF334D21BF7F6C00682A75 /* XCDrawingView.h */ = {isa = PBXFileReference; lastKnownFileType = sourcecode.c.h; path = XCDrawingView.h; sourceTree = "<group>"; };
		D8CF334E21BF7F6C00682A75 /* XCDrawingView.m */ = {isa = PBXFileReference; lastKnownFileType = sourcecode.c.objc; path = XCDrawingView.m; sourceTree = "<group>"; };
		D8EB202521C08CE100F488E0 /* XCDrawingViewController.h */ = {isa = PBXFileReference; lastKnownFileType = sourcecode.c.h; path = XCDrawingViewController.h; sourceTree = "<group>"; };
		D8EB202621C08CE100F488E0 /* XCDrawingViewController.m */ = {isa = PBXFileReference; lastKnownFileType = sourcecode.c.objc; path = XCDrawingViewController.m; sourceTree = "<group>"; };
/* End PBXFileReference section */

/* Begin PBXFrameworksBuildPhase section */
		D848356421B60760006C7AA4 /* Frameworks */ = {
			isa = PBXFrameworksBuildPhase;
			buildActionMask = 2147483647;
			files = (
			);
			runOnlyForDeploymentPostprocessing = 0;
		};
		D848357F21B63085006C7AA4 /* Frameworks */ = {
			isa = PBXFrameworksBuildPhase;
			buildActionMask = 2147483647;
			files = (
			);
			runOnlyForDeploymentPostprocessing = 0;
		};
		D88B75EB21A77D7000951228 /* Frameworks */ = {
			isa = PBXFrameworksBuildPhase;
			buildActionMask = 2147483647;
			files = (
			);
			runOnlyForDeploymentPostprocessing = 0;
		};
		D8A4624A21B8B16800914CE8 /* Frameworks */ = {
			isa = PBXFrameworksBuildPhase;
			buildActionMask = 2147483647;
			files = (
			);
			runOnlyForDeploymentPostprocessing = 0;
		};
		D8C138CF21ACDAB400FA92C4 /* Frameworks */ = {
			isa = PBXFrameworksBuildPhase;
			buildActionMask = 2147483647;
			files = (
			);
			runOnlyForDeploymentPostprocessing = 0;
		};
		D8CBB3F721B4FF3700D243FC /* Frameworks */ = {
			isa = PBXFrameworksBuildPhase;
			buildActionMask = 2147483647;
			files = (
			);
			runOnlyForDeploymentPostprocessing = 0;
		};
/* End PBXFrameworksBuildPhase section */

/* Begin PBXGroup section */
		D82990F021AB755A00B59018 /* Router */ = {
			isa = PBXGroup;
			children = (
				D82990F521AB783500B59018 /* XCAppEnterViewController.h */,
				D82990F221AB758A00B59018 /* XCAppEnterViewController.m */,
				D82990F721ABBF8F00B59018 /* XCAppPresentViewController.h */,
				D82990F821ABBF8F00B59018 /* XCAppPresentViewController.m */,
				D8C138CB21ACD25A00FA92C4 /* XCRecentViewController.h */,
				D8C138CC21ACD25A00FA92C4 /* XCRecentViewController.m */,
			);
			path = Router;
			sourceTree = "<group>";
		};
		D8409BAC21AF6931001670A1 /* Views */ = {
			isa = PBXGroup;
			children = (
				D8409BAD21AF6A0D001670A1 /* XCView.h */,
				D8409BAE21AF6A0D001670A1 /* XCView.m */,
				D87E283B21B4AECF00CA93CD /* XCScrollView.h */,
				D87E283C21B4AECF00CA93CD /* XCScrollView.m */,
			);
			path = Views;
			sourceTree = "<group>";
		};
		D848356821B60760006C7AA4 /* CADemo */ = {
			isa = PBXGroup;
			children = (
				D89608B821C1E43D004A2EE1 /* Image */,
				D8CF335021BF7F7200682A75 /* Views */,
				D8CF334C21BF7F3A00682A75 /* ViewModels */,
				D8CF334B21BF7F2600682A75 /* Controllers */,
				D848356921B60760006C7AA4 /* AppDelegate.h */,
				D848356A21B60760006C7AA4 /* AppDelegate.m */,
				D80099B021BDE9980094AF89 /* README.md */,
				D848356F21B60760006C7AA4 /* Main.storyboard */,
				D848357221B60762006C7AA4 /* Assets.xcassets */,
				D848357421B60762006C7AA4 /* LaunchScreen.storyboard */,
				D848357721B60762006C7AA4 /* Info.plist */,
				D848357821B60762006C7AA4 /* main.m */,
			);
			path = CADemo;
			sourceTree = "<group>";
		};
		D848358321B63086006C7AA4 /* XCUnitTest */ = {
			isa = PBXGroup;
			children = (
				D848358421B63086006C7AA4 /* XCUnitTest.m */,
				D848358A21B630A7006C7AA4 /* XCPerson.h */,
				D848358B21B630A7006C7AA4 /* XCPerson.m */,
				D848358621B63086006C7AA4 /* Info.plist */,
			);
			path = XCUnitTest;
			sourceTree = "<group>";
		};
		D88B75E521A77D7000951228 = {
			isa = PBXGroup;
			children = (
				D88B75F021A77D7000951228 /* RouterDemo */,
				D8C138D321ACDAB400FA92C4 /* RouterDemoUITests */,
				D8CBB3FB21B4FF3700D243FC /* XCARMAssembly */,
				D848356821B60760006C7AA4 /* CADemo */,
				D848358321B63086006C7AA4 /* XCUnitTest */,
				D8A4624E21B8B16800914CE8 /* UICollectionViewDemo */,
				D88B75EF21A77D7000951228 /* Products */,
			);
			sourceTree = "<group>";
		};
		D88B75EF21A77D7000951228 /* Products */ = {
			isa = PBXGroup;
			children = (
				D88B75EE21A77D7000951228 /* RouterDemo.app */,
				D8C138D221ACDAB400FA92C4 /* RouterDemoUITests.xctest */,
				D8CBB3FA21B4FF3700D243FC /* XCARMAssembly */,
				D848356721B60760006C7AA4 /* CADemo.app */,
				D848358221B63085006C7AA4 /* XCUnitTest.xctest */,
				D8A4624D21B8B16800914CE8 /* UICollectionViewDemo.app */,
			);
			name = Products;
			sourceTree = "<group>";
		};
		D88B75F021A77D7000951228 /* RouterDemo */ = {
			isa = PBXGroup;
			children = (
				D8409BAC21AF6931001670A1 /* Views */,
				D82990F021AB755A00B59018 /* Router */,
				D88B75F121A77D7000951228 /* AppDelegate.h */,
				D88B75F221A77D7000951228 /* AppDelegate.m */,
				D88B75F421A77D7000951228 /* ViewController.h */,
				D88B75F521A77D7000951228 /* ViewController.m */,
				D8836FF521BA05800044C67C /* XCTabBarController.h */,
				D8836FF621BA05800044C67C /* XCTabBarController.m */,
				D88B760721A78AC100951228 /* XCFakeCode.sh */,
				D88B75F721A77D7000951228 /* Main.storyboard */,
				D88B75FA21A77D7100951228 /* Assets.xcassets */,
				D88B75FC21A77D7100951228 /* LaunchScreen.storyboard */,
				D88B75FF21A77D7100951228 /* Info.plist */,
				D88B760021A77D7100951228 /* main.m */,
				D8409BA921AF6542001670A1 /* XCRunloopManager.h */,
				D8409BAA21AF6542001670A1 /* XCRunloopManager.m */,
			);
			path = RouterDemo;
			sourceTree = "<group>";
		};
		D8A4624E21B8B16800914CE8 /* UICollectionViewDemo */ = {
			isa = PBXGroup;
			children = (
				D8A4624F21B8B16800914CE8 /* AppDelegate.h */,
				D8A4625021B8B16800914CE8 /* AppDelegate.m */,
				D8A4625221B8B16800914CE8 /* ViewController.h */,
				D8A4625321B8B16800914CE8 /* ViewController.m */,
				D8A4626321B8C8CA00914CE8 /* XCViewCell.h */,
				D8A4626421B8C8CA00914CE8 /* XCViewCell.m */,
				D8A4625521B8B16800914CE8 /* Main.storyboard */,
				D8A4625821B8B16A00914CE8 /* Assets.xcassets */,
				D8A4625A21B8B16A00914CE8 /* LaunchScreen.storyboard */,
				D8A4625D21B8B16A00914CE8 /* Info.plist */,
				D8A4625E21B8B16A00914CE8 /* main.m */,
			);
			path = UICollectionViewDemo;
			sourceTree = "<group>";
		};
		D8C138D321ACDAB400FA92C4 /* RouterDemoUITests */ = {
			isa = PBXGroup;
			children = (
				D8C138D421ACDAB400FA92C4 /* RouterDemoUITests.m */,
				D8C138D621ACDAB400FA92C4 /* Info.plist */,
			);
			path = RouterDemoUITests;
			sourceTree = "<group>";
		};
		D8CBB3FB21B4FF3700D243FC /* XCARMAssembly */ = {
			isa = PBXGroup;
			children = (
				D8CBB3FC21B4FF3700D243FC /* main.m */,
			);
			path = XCARMAssembly;
			sourceTree = "<group>";
		};
		D8CF334B21BF7F2600682A75 /* Controllers */ = {
			isa = PBXGroup;
			children = (
				D848356C21B60760006C7AA4 /* ViewController.h */,
				D848356D21B60760006C7AA4 /* ViewController.m */,
				D8CF333F21BF565A00682A75 /* XCTableViewController.h */,
				D8CF334021BF565A00682A75 /* XCTableViewController.m */,
				D8EB202521C08CE100F488E0 /* XCDrawingViewController.h */,
				D8EB202621C08CE100F488E0 /* XCDrawingViewController.m */,
				D89608B221C1E069004A2EE1 /* XCCollectionViewController.h */,
				D89608B321C1E069004A2EE1 /* XCCollectionViewController.m */,
			);
			path = Controllers;
			sourceTree = "<group>";
		};
		D8CF334C21BF7F3A00682A75 /* ViewModels */ = {
			isa = PBXGroup;
			children = (
				D86BF0C321BF48B000405628 /* XCViewModel.h */,
				D86BF0C421BF48B000405628 /* XCViewModel.m */,
			);
			path = ViewModels;
			sourceTree = "<group>";
		};
		D8CF335021BF7F7200682A75 /* Views */ = {
			isa = PBXGroup;
			children = (
				D8CF334D21BF7F6C00682A75 /* XCDrawingView.h */,
				D8CF334E21BF7F6C00682A75 /* XCDrawingView.m */,
				D89608B521C1E1D8004A2EE1 /* XCImageIOCollectionViewCell.h */,
				D89608B621C1E1D8004A2EE1 /* XCImageIOCollectionViewCell.m */,
			);
			path = Views;
			sourceTree = "<group>";
		};
/* End PBXGroup section */

/* Begin PBXNativeTarget section */
		D848356621B60760006C7AA4 /* CADemo */ = {
			isa = PBXNativeTarget;
			buildConfigurationList = D848357C21B60762006C7AA4 /* Build configuration list for PBXNativeTarget "CADemo" */;
			buildPhases = (
				D848356321B60760006C7AA4 /* Sources */,
				D848356421B60760006C7AA4 /* Frameworks */,
				D848356521B60760006C7AA4 /* Resources */,
			);
			buildRules = (
			);
			dependencies = (
			);
			name = CADemo;
			productName = CADemo;
			productReference = D848356721B60760006C7AA4 /* CADemo.app */;
			productType = "com.apple.product-type.application";
		};
		D848358121B63085006C7AA4 /* XCUnitTest */ = {
			isa = PBXNativeTarget;
			buildConfigurationList = D848358921B63086006C7AA4 /* Build configuration list for PBXNativeTarget "XCUnitTest" */;
			buildPhases = (
				D848357E21B63085006C7AA4 /* Sources */,
				D848357F21B63085006C7AA4 /* Frameworks */,
				D848358021B63085006C7AA4 /* Resources */,
			);
			buildRules = (
			);
			dependencies = (
				D848358E21B639DA006C7AA4 /* PBXTargetDependency */,
			);
			name = XCUnitTest;
			productName = XCUnitTest;
			productReference = D848358221B63085006C7AA4 /* XCUnitTest.xctest */;
			productType = "com.apple.product-type.bundle.unit-test";
		};
		D88B75ED21A77D7000951228 /* RouterDemo */ = {
			isa = PBXNativeTarget;
			buildConfigurationList = D88B760421A77D7100951228 /* Build configuration list for PBXNativeTarget "RouterDemo" */;
			buildPhases = (
				D88B75EA21A77D7000951228 /* Sources */,
				D88B75EB21A77D7000951228 /* Frameworks */,
				D88B75EC21A77D7000951228 /* Resources */,
				D88B760821A78AD700951228 /* ShellScript */,
			);
			buildRules = (
			);
			dependencies = (
			);
			name = RouterDemo;
			productName = RouterDemo;
			productReference = D88B75EE21A77D7000951228 /* RouterDemo.app */;
			productType = "com.apple.product-type.application";
		};
		D8A4624C21B8B16800914CE8 /* UICollectionViewDemo */ = {
			isa = PBXNativeTarget;
			buildConfigurationList = D8A4626221B8B16A00914CE8 /* Build configuration list for PBXNativeTarget "UICollectionViewDemo" */;
			buildPhases = (
				D8A4624921B8B16800914CE8 /* Sources */,
				D8A4624A21B8B16800914CE8 /* Frameworks */,
				D8A4624B21B8B16800914CE8 /* Resources */,
			);
			buildRules = (
			);
			dependencies = (
			);
			name = UICollectionViewDemo;
			productName = UICollectionViewDemo;
			productReference = D8A4624D21B8B16800914CE8 /* UICollectionViewDemo.app */;
			productType = "com.apple.product-type.application";
		};
		D8C138D121ACDAB400FA92C4 /* RouterDemoUITests */ = {
			isa = PBXNativeTarget;
			buildConfigurationList = D8C138D921ACDAB400FA92C4 /* Build configuration list for PBXNativeTarget "RouterDemoUITests" */;
			buildPhases = (
				D8C138CE21ACDAB400FA92C4 /* Sources */,
				D8C138CF21ACDAB400FA92C4 /* Frameworks */,
				D8C138D021ACDAB400FA92C4 /* Resources */,
			);
			buildRules = (
			);
			dependencies = (
				D8C138D821ACDAB400FA92C4 /* PBXTargetDependency */,
			);
			name = RouterDemoUITests;
			productName = RouterDemoUITests;
			productReference = D8C138D221ACDAB400FA92C4 /* RouterDemoUITests.xctest */;
			productType = "com.apple.product-type.bundle.ui-testing";
		};
		D8CBB3F921B4FF3700D243FC /* XCARMAssembly */ = {
			isa = PBXNativeTarget;
			buildConfigurationList = D8CBB40021B4FF3700D243FC /* Build configuration list for PBXNativeTarget "XCARMAssembly" */;
			buildPhases = (
				D8CBB3F621B4FF3700D243FC /* Sources */,
				D8CBB3F721B4FF3700D243FC /* Frameworks */,
				D8CBB3F821B4FF3700D243FC /* CopyFiles */,
			);
			buildRules = (
			);
			dependencies = (
			);
			name = XCARMAssembly;
			productName = XCARMAssembly;
			productReference = D8CBB3FA21B4FF3700D243FC /* XCARMAssembly */;
			productType = "com.apple.product-type.tool";
		};
/* End PBXNativeTarget section */

/* Begin PBXProject section */
		D88B75E621A77D7000951228 /* Project object */ = {
			isa = PBXProject;
			attributes = {
				DefaultBuildSystemTypeForWorkspace = Original;
				LastUpgradeCheck = 1010;
				ORGANIZATIONNAME = dongjiu;
				TargetAttributes = {
					D848356621B60760006C7AA4 = {
						CreatedOnToolsVersion = 10.1;
					};
					D848358121B63085006C7AA4 = {
						CreatedOnToolsVersion = 10.1;
					};
					D88B75ED21A77D7000951228 = {
						CreatedOnToolsVersion = 10.1;
					};
					D8A4624C21B8B16800914CE8 = {
						CreatedOnToolsVersion = 10.1;
					};
					D8C138D121ACDAB400FA92C4 = {
						CreatedOnToolsVersion = 10.1;
						TestTargetID = D88B75ED21A77D7000951228;
					};
					D8CBB3F921B4FF3700D243FC = {
						CreatedOnToolsVersion = 10.1;
					};
				};
			};
			buildConfigurationList = D88B75E921A77D7000951228 /* Build configuration list for PBXProject "RouterDemo" */;
			compatibilityVersion = "Xcode 9.3";
			developmentRegion = en;
			hasScannedForEncodings = 0;
			knownRegions = (
				en,
				Base,
			);
			mainGroup = D88B75E521A77D7000951228;
			productRefGroup = D88B75EF21A77D7000951228 /* Products */;
			projectDirPath = "";
			projectRoot = "";
			targets = (
				D88B75ED21A77D7000951228 /* RouterDemo */,
				D8C138D121ACDAB400FA92C4 /* RouterDemoUITests */,
				D8CBB3F921B4FF3700D243FC /* XCARMAssembly */,
				D848356621B60760006C7AA4 /* CADemo */,
				D848358121B63085006C7AA4 /* XCUnitTest */,
				D8A4624C21B8B16800914CE8 /* UICollectionViewDemo */,
			);
		};
/* End PBXProject section */

/* Begin PBXResourcesBuildPhase section */
		D848356521B60760006C7AA4 /* Resources */ = {
			isa = PBXResourcesBuildPhase;
			buildActionMask = 2147483647;
			files = (
				D89608B921C1E43D004A2EE1 /* Image in Resources */,
				D848357621B60762006C7AA4 /* LaunchScreen.storyboard in Resources */,
				D848357321B60762006C7AA4 /* Assets.xcassets in Resources */,
				D848357121B60760006C7AA4 /* Main.storyboard in Resources */,
			);
			runOnlyForDeploymentPostprocessing = 0;
		};
		D848358021B63085006C7AA4 /* Resources */ = {
			isa = PBXResourcesBuildPhase;
			buildActionMask = 2147483647;
			files = (
			);
			runOnlyForDeploymentPostprocessing = 0;
		};
		D88B75EC21A77D7000951228 /* Resources */ = {
			isa = PBXResourcesBuildPhase;
			buildActionMask = 2147483647;
			files = (
				D88B75FE21A77D7100951228 /* LaunchScreen.storyboard in Resources */,
				D88B75FB21A77D7100951228 /* Assets.xcassets in Resources */,
				D88B75F921A77D7000951228 /* Main.storyboard in Resources */,
			);
			runOnlyForDeploymentPostprocessing = 0;
		};
		D8A4624B21B8B16800914CE8 /* Resources */ = {
			isa = PBXResourcesBuildPhase;
			buildActionMask = 2147483647;
			files = (
				D8A4625C21B8B16A00914CE8 /* LaunchScreen.storyboard in Resources */,
				D8A4625921B8B16A00914CE8 /* Assets.xcassets in Resources */,
				D8A4625721B8B16800914CE8 /* Main.storyboard in Resources */,
			);
			runOnlyForDeploymentPostprocessing = 0;
		};
		D8C138D021ACDAB400FA92C4 /* Resources */ = {
			isa = PBXResourcesBuildPhase;
			buildActionMask = 2147483647;
			files = (
			);
			runOnlyForDeploymentPostprocessing = 0;
		};
/* End PBXResourcesBuildPhase section */

/* Begin PBXShellScriptBuildPhase section */
		D88B760821A78AD700951228 /* ShellScript */ = {
			isa = PBXShellScriptBuildPhase;
			buildActionMask = 2147483647;
			files = (
			);
			inputFileListPaths = (
			);
			inputPaths = (
			);
			outputFileListPaths = (
			);
			outputPaths = (
			);
			runOnlyForDeploymentPostprocessing = 0;
			shellPath = /bin/sh;
			shellScript = "# Type a script or drag a script file from your workspace to insert its path.\n$SRCROOT/RouterDemo/XCFakeCode.sh\n";
		};
/* End PBXShellScriptBuildPhase section */

/* Begin PBXSourcesBuildPhase section */
		D848356321B60760006C7AA4 /* Sources */ = {
			isa = PBXSourcesBuildPhase;
			buildActionMask = 2147483647;
			files = (
				D8EB202721C08CE100F488E0 /* XCDrawingViewController.m in Sources */,
				D8CF334F21BF7F6C00682A75 /* XCDrawingView.m in Sources */,
				D8CF334121BF565A00682A75 /* XCTableViewController.m in Sources */,
				D89608B721C1E1D8004A2EE1 /* XCImageIOCollectionViewCell.m in Sources */,
				D848356E21B60760006C7AA4 /* ViewController.m in Sources */,
				D848357921B60762006C7AA4 /* main.m in Sources */,
				D89608B421C1E069004A2EE1 /* XCCollectionViewController.m in Sources */,
				D848356B21B60760006C7AA4 /* AppDelegate.m in Sources */,
				D86BF0C521BF48B000405628 /* XCViewModel.m in Sources */,
			);
			runOnlyForDeploymentPostprocessing = 0;
		};
		D848357E21B63085006C7AA4 /* Sources */ = {
			isa = PBXSourcesBuildPhase;
			buildActionMask = 2147483647;
			files = (
				D848358521B63086006C7AA4 /* XCUnitTest.m in Sources */,
				D848358C21B630A7006C7AA4 /* XCPerson.m in Sources */,
			);
			runOnlyForDeploymentPostprocessing = 0;
		};
		D88B75EA21A77D7000951228 /* Sources */ = {
			isa = PBXSourcesBuildPhase;
			buildActionMask = 2147483647;
			files = (
				D82990F921ABBF8F00B59018 /* XCAppPresentViewController.m in Sources */,
				D8409BAF21AF6A0D001670A1 /* XCView.m in Sources */,
				D8409BAB21AF6542001670A1 /* XCRunloopManager.m in Sources */,
				D88B75F621A77D7000951228 /* ViewController.m in Sources */,
				D87E283D21B4AECF00CA93CD /* XCScrollView.m in Sources */,
				D8C138CD21ACD25A00FA92C4 /* XCRecentViewController.m in Sources */,
				D88B760121A77D7100951228 /* main.m in Sources */,
				D82990F321AB758A00B59018 /* XCAppEnterViewController.m in Sources */,
				D8836FF721BA05800044C67C /* XCTabBarController.m in Sources */,
				D88B75F321A77D7000951228 /* AppDelegate.m in Sources */,
			);
			runOnlyForDeploymentPostprocessing = 0;
		};
		D8A4624921B8B16800914CE8 /* Sources */ = {
			isa = PBXSourcesBuildPhase;
			buildActionMask = 2147483647;
			files = (
				D8A4625421B8B16800914CE8 /* ViewController.m in Sources */,
				D8A4626521B8C8CA00914CE8 /* XCViewCell.m in Sources */,
				D8A4625F21B8B16A00914CE8 /* main.m in Sources */,
				D8A4625121B8B16800914CE8 /* AppDelegate.m in Sources */,
			);
			runOnlyForDeploymentPostprocessing = 0;
		};
		D8C138CE21ACDAB400FA92C4 /* Sources */ = {
			isa = PBXSourcesBuildPhase;
			buildActionMask = 2147483647;
			files = (
				D8C138D521ACDAB400FA92C4 /* RouterDemoUITests.m in Sources */,
			);
			runOnlyForDeploymentPostprocessing = 0;
		};
		D8CBB3F621B4FF3700D243FC /* Sources */ = {
			isa = PBXSourcesBuildPhase;
			buildActionMask = 2147483647;
			files = (
				D8CBB3FD21B4FF3700D243FC /* main.m in Sources */,
			);
			runOnlyForDeploymentPostprocessing = 0;
		};
/* End PBXSourcesBuildPhase section */

/* Begin PBXTargetDependency section */
		D848358E21B639DA006C7AA4 /* PBXTargetDependency */ = {
			isa = PBXTargetDependency;
			target = D848356621B60760006C7AA4 /* CADemo */;
			targetProxy = D848358D21B639DA006C7AA4 /* PBXContainerItemProxy */;
		};
		D8C138D821ACDAB400FA92C4 /* PBXTargetDependency */ = {
			isa = PBXTargetDependency;
			target = D88B75ED21A77D7000951228 /* RouterDemo */;
			targetProxy = D8C138D721ACDAB400FA92C4 /* PBXContainerItemProxy */;
		};
/* End PBXTargetDependency section */

/* Begin PBXVariantGroup section */
		D848356F21B60760006C7AA4 /* Main.storyboard */ = {
			isa = PBXVariantGroup;
			children = (
				D848357021B60760006C7AA4 /* Base */,
			);
			name = Main.storyboard;
			sourceTree = "<group>";
		};
		D848357421B60762006C7AA4 /* LaunchScreen.storyboard */ = {
			isa = PBXVariantGroup;
			children = (
				D848357521B60762006C7AA4 /* Base */,
			);
			name = LaunchScreen.storyboard;
			sourceTree = "<group>";
		};
		D88B75F721A77D7000951228 /* Main.storyboard */ = {
			isa = PBXVariantGroup;
			children = (
				D88B75F821A77D7000951228 /* Base */,
			);
			name = Main.storyboard;
			sourceTree = "<group>";
		};
		D88B75FC21A77D7100951228 /* LaunchScreen.storyboard */ = {
			isa = PBXVariantGroup;
			children = (
				D88B75FD21A77D7100951228 /* Base */,
			);
			name = LaunchScreen.storyboard;
			sourceTree = "<group>";
		};
		D8A4625521B8B16800914CE8 /* Main.storyboard */ = {
			isa = PBXVariantGroup;
			children = (
				D8A4625621B8B16800914CE8 /* Base */,
			);
			name = Main.storyboard;
			sourceTree = "<group>";
		};
		D8A4625A21B8B16A00914CE8 /* LaunchScreen.storyboard */ = {
			isa = PBXVariantGroup;
			children = (
				D8A4625B21B8B16A00914CE8 /* Base */,
			);
			name = LaunchScreen.storyboard;
			sourceTree = "<group>";
		};
/* End PBXVariantGroup section */

/* Begin XCBuildConfiguration section */
		D848357A21B60762006C7AA4 /* Debug */ = {
			isa = XCBuildConfiguration;
			buildSettings = {
				ASSETCATALOG_COMPILER_APPICON_NAME = AppIcon;
				CODE_SIGN_STYLE = Automatic;
				DEVELOPMENT_TEAM = AAV8FD48R9;
				INFOPLIST_FILE = CADemo/Info.plist;
				IPHONEOS_DEPLOYMENT_TARGET = 10.0;
				LD_RUNPATH_SEARCH_PATHS = (
					"$(inherited)",
					"@executable_path/Frameworks",
				);
				PRODUCT_BUNDLE_IDENTIFIER = com.alexiuce.CADemo;
				PRODUCT_NAME = "$(TARGET_NAME)";
				TARGETED_DEVICE_FAMILY = 1;
			};
			name = Debug;
		};
		D848357B21B60762006C7AA4 /* Release */ = {
			isa = XCBuildConfiguration;
			buildSettings = {
				ASSETCATALOG_COMPILER_APPICON_NAME = AppIcon;
				CODE_SIGN_STYLE = Automatic;
				DEVELOPMENT_TEAM = AAV8FD48R9;
				INFOPLIST_FILE = CADemo/Info.plist;
				IPHONEOS_DEPLOYMENT_TARGET = 10.0;
				LD_RUNPATH_SEARCH_PATHS = (
					"$(inherited)",
					"@executable_path/Frameworks",
				);
				PRODUCT_BUNDLE_IDENTIFIER = com.alexiuce.CADemo;
				PRODUCT_NAME = "$(TARGET_NAME)";
				TARGETED_DEVICE_FAMILY = 1;
			};
			name = Release;
		};
		D848358721B63086006C7AA4 /* Debug */ = {
			isa = XCBuildConfiguration;
			buildSettings = {
				CODE_SIGN_IDENTITY = "Mac Developer";
				CODE_SIGN_STYLE = Automatic;
				COMBINE_HIDPI_IMAGES = YES;
				DEVELOPMENT_TEAM = AAV8FD48R9;
				INFOPLIST_FILE = XCUnitTest/Info.plist;
				LD_RUNPATH_SEARCH_PATHS = (
					"$(inherited)",
					"@executable_path/../Frameworks",
					"@loader_path/../Frameworks",
				);
				MACOSX_DEPLOYMENT_TARGET = 10.14;
				PRODUCT_BUNDLE_IDENTIFIER = com.alexiuce.XCUnitTest;
				PRODUCT_NAME = "$(TARGET_NAME)";
				SDKROOT = macosx;
			};
			name = Debug;
		};
		D848358821B63086006C7AA4 /* Release */ = {
			isa = XCBuildConfiguration;
			buildSettings = {
				CODE_SIGN_IDENTITY = "Mac Developer";
				CODE_SIGN_STYLE = Automatic;
				COMBINE_HIDPI_IMAGES = YES;
				DEVELOPMENT_TEAM = AAV8FD48R9;
				INFOPLIST_FILE = XCUnitTest/Info.plist;
				LD_RUNPATH_SEARCH_PATHS = (
					"$(inherited)",
					"@executable_path/../Frameworks",
					"@loader_path/../Frameworks",
				);
				MACOSX_DEPLOYMENT_TARGET = 10.14;
				PRODUCT_BUNDLE_IDENTIFIER = com.alexiuce.XCUnitTest;
				PRODUCT_NAME = "$(TARGET_NAME)";
				SDKROOT = macosx;
			};
			name = Release;
		};
		D88B760221A77D7100951228 /* Debug */ = {
			isa = XCBuildConfiguration;
			buildSettings = {
				ALWAYS_SEARCH_USER_PATHS = NO;
				CLANG_ANALYZER_NONNULL = YES;
				CLANG_ANALYZER_NUMBER_OBJECT_CONVERSION = YES_AGGRESSIVE;
				CLANG_CXX_LANGUAGE_STANDARD = "gnu++14";
				CLANG_CXX_LIBRARY = "libc++";
				CLANG_ENABLE_MODULES = YES;
				CLANG_ENABLE_OBJC_ARC = YES;
				CLANG_ENABLE_OBJC_WEAK = YES;
				CLANG_WARN_BLOCK_CAPTURE_AUTORELEASING = YES;
				CLANG_WARN_BOOL_CONVERSION = YES;
				CLANG_WARN_COMMA = YES;
				CLANG_WARN_CONSTANT_CONVERSION = YES;
				CLANG_WARN_DEPRECATED_OBJC_IMPLEMENTATIONS = YES;
				CLANG_WARN_DIRECT_OBJC_ISA_USAGE = YES_ERROR;
				CLANG_WARN_DOCUMENTATION_COMMENTS = YES;
				CLANG_WARN_EMPTY_BODY = YES;
				CLANG_WARN_ENUM_CONVERSION = YES;
				CLANG_WARN_INFINITE_RECURSION = YES;
				CLANG_WARN_INT_CONVERSION = YES;
				CLANG_WARN_NON_LITERAL_NULL_CONVERSION = YES;
				CLANG_WARN_OBJC_IMPLICIT_RETAIN_SELF = YES;
				CLANG_WARN_OBJC_LITERAL_CONVERSION = YES;
				CLANG_WARN_OBJC_ROOT_CLASS = YES_ERROR;
				CLANG_WARN_RANGE_LOOP_ANALYSIS = YES;
				CLANG_WARN_STRICT_PROTOTYPES = YES;
				CLANG_WARN_SUSPICIOUS_MOVE = YES;
				CLANG_WARN_UNGUARDED_AVAILABILITY = YES_AGGRESSIVE;
				CLANG_WARN_UNREACHABLE_CODE = YES;
				CLANG_WARN__DUPLICATE_METHOD_MATCH = YES;
				CODE_SIGN_IDENTITY = "iPhone Developer";
				COPY_PHASE_STRIP = NO;
				DEBUG_INFORMATION_FORMAT = dwarf;
				ENABLE_STRICT_OBJC_MSGSEND = YES;
				ENABLE_TESTABILITY = YES;
				GCC_C_LANGUAGE_STANDARD = gnu11;
				GCC_DYNAMIC_NO_PIC = NO;
				GCC_NO_COMMON_BLOCKS = YES;
				GCC_OPTIMIZATION_LEVEL = 0;
				GCC_PREPROCESSOR_DEFINITIONS = (
					"DEBUG=1",
					"$(inherited)",
				);
				GCC_WARN_64_TO_32_BIT_CONVERSION = YES;
				GCC_WARN_ABOUT_RETURN_TYPE = YES_ERROR;
				GCC_WARN_UNDECLARED_SELECTOR = YES;
				GCC_WARN_UNINITIALIZED_AUTOS = YES_AGGRESSIVE;
				GCC_WARN_UNUSED_FUNCTION = YES;
				GCC_WARN_UNUSED_VARIABLE = YES;
				IPHONEOS_DEPLOYMENT_TARGET = 12.1;
				MTL_ENABLE_DEBUG_INFO = INCLUDE_SOURCE;
				MTL_FAST_MATH = YES;
				ONLY_ACTIVE_ARCH = YES;
				SDKROOT = iphoneos;
			};
			name = Debug;
		};
		D88B760321A77D7100951228 /* Release */ = {
			isa = XCBuildConfiguration;
			buildSettings = {
				ALWAYS_SEARCH_USER_PATHS = NO;
				CLANG_ANALYZER_NONNULL = YES;
				CLANG_ANALYZER_NUMBER_OBJECT_CONVERSION = YES_AGGRESSIVE;
				CLANG_CXX_LANGUAGE_STANDARD = "gnu++14";
				CLANG_CXX_LIBRARY = "libc++";
				CLANG_ENABLE_MODULES = YES;
				CLANG_ENABLE_OBJC_ARC = YES;
				CLANG_ENABLE_OBJC_WEAK = YES;
				CLANG_WARN_BLOCK_CAPTURE_AUTORELEASING = YES;
				CLANG_WARN_BOOL_CONVERSION = YES;
				CLANG_WARN_COMMA = YES;
				CLANG_WARN_CONSTANT_CONVERSION = YES;
				CLANG_WARN_DEPRECATED_OBJC_IMPLEMENTATIONS = YES;
				CLANG_WARN_DIRECT_OBJC_ISA_USAGE = YES_ERROR;
				CLANG_WARN_DOCUMENTATION_COMMENTS = YES;
				CLANG_WARN_EMPTY_BODY = YES;
				CLANG_WARN_ENUM_CONVERSION = YES;
				CLANG_WARN_INFINITE_RECURSION = YES;
				CLANG_WARN_INT_CONVERSION = YES;
				CLANG_WARN_NON_LITERAL_NULL_CONVERSION = YES;
				CLANG_WARN_OBJC_IMPLICIT_RETAIN_SELF = YES;
				CLANG_WARN_OBJC_LITERAL_CONVERSION = YES;
				CLANG_WARN_OBJC_ROOT_CLASS = YES_ERROR;
				CLANG_WARN_RANGE_LOOP_ANALYSIS = YES;
				CLANG_WARN_STRICT_PROTOTYPES = YES;
				CLANG_WARN_SUSPICIOUS_MOVE = YES;
				CLANG_WARN_UNGUARDED_AVAILABILITY = YES_AGGRESSIVE;
				CLANG_WARN_UNREACHABLE_CODE = YES;
				CLANG_WARN__DUPLICATE_METHOD_MATCH = YES;
				CODE_SIGN_IDENTITY = "iPhone Developer";
				COPY_PHASE_STRIP = NO;
				DEBUG_INFORMATION_FORMAT = "dwarf-with-dsym";
				ENABLE_NS_ASSERTIONS = NO;
				ENABLE_STRICT_OBJC_MSGSEND = YES;
				GCC_C_LANGUAGE_STANDARD = gnu11;
				GCC_NO_COMMON_BLOCKS = YES;
				GCC_WARN_64_TO_32_BIT_CONVERSION = YES;
				GCC_WARN_ABOUT_RETURN_TYPE = YES_ERROR;
				GCC_WARN_UNDECLARED_SELECTOR = YES;
				GCC_WARN_UNINITIALIZED_AUTOS = YES_AGGRESSIVE;
				GCC_WARN_UNUSED_FUNCTION = YES;
				GCC_WARN_UNUSED_VARIABLE = YES;
				IPHONEOS_DEPLOYMENT_TARGET = 12.1;
				MTL_ENABLE_DEBUG_INFO = NO;
				MTL_FAST_MATH = YES;
				SDKROOT = iphoneos;
				VALIDATE_PRODUCT = YES;
			};
			name = Release;
		};
		D88B760521A77D7100951228 /* Debug */ = {
			isa = XCBuildConfiguration;
			buildSettings = {
				ASSETCATALOG_COMPILER_APPICON_NAME = AppIcon;
				CODE_SIGN_STYLE = Automatic;
				DEVELOPMENT_TEAM = AAV8FD48R9;
				INFOPLIST_FILE = RouterDemo/Info.plist;
				IPHONEOS_DEPLOYMENT_TARGET = 10.0;
				LD_RUNPATH_SEARCH_PATHS = (
					"$(inherited)",
					"@executable_path/Frameworks",
				);
				PRODUCT_BUNDLE_IDENTIFIER = com.alexiuce.RouterDemo;
				PRODUCT_NAME = "$(TARGET_NAME)";
				TARGETED_DEVICE_FAMILY = 1;
			};
			name = Debug;
		};
		D88B760621A77D7100951228 /* Release */ = {
			isa = XCBuildConfiguration;
			buildSettings = {
				ASSETCATALOG_COMPILER_APPICON_NAME = AppIcon;
				CODE_SIGN_STYLE = Automatic;
				DEVELOPMENT_TEAM = AAV8FD48R9;
				INFOPLIST_FILE = RouterDemo/Info.plist;
				IPHONEOS_DEPLOYMENT_TARGET = 10.0;
				LD_RUNPATH_SEARCH_PATHS = (
					"$(inherited)",
					"@executable_path/Frameworks",
				);
				PRODUCT_BUNDLE_IDENTIFIER = com.alexiuce.RouterDemo;
				PRODUCT_NAME = "$(TARGET_NAME)";
				TARGETED_DEVICE_FAMILY = 1;
			};
			name = Release;
		};
		D8A4626021B8B16A00914CE8 /* Debug */ = {
			isa = XCBuildConfiguration;
			buildSettings = {
				ASSETCATALOG_COMPILER_APPICON_NAME = AppIcon;
				CODE_SIGN_STYLE = Automatic;
				DEVELOPMENT_TEAM = AAV8FD48R9;
				INFOPLIST_FILE = UICollectionViewDemo/Info.plist;
				IPHONEOS_DEPLOYMENT_TARGET = 10.0;
				LD_RUNPATH_SEARCH_PATHS = (
					"$(inherited)",
					"@executable_path/Frameworks",
				);
				PRODUCT_BUNDLE_IDENTIFIER = com.alexiuce.UICollectionViewDemo;
				PRODUCT_NAME = "$(TARGET_NAME)";
				TARGETED_DEVICE_FAMILY = 1;
			};
			name = Debug;
		};
		D8A4626121B8B16A00914CE8 /* Release */ = {
			isa = XCBuildConfiguration;
			buildSettings = {
				ASSETCATALOG_COMPILER_APPICON_NAME = AppIcon;
				CODE_SIGN_STYLE = Automatic;
				DEVELOPMENT_TEAM = AAV8FD48R9;
				INFOPLIST_FILE = UICollectionViewDemo/Info.plist;
				IPHONEOS_DEPLOYMENT_TARGET = 10.0;
				LD_RUNPATH_SEARCH_PATHS = (
					"$(inherited)",
					"@executable_path/Frameworks",
				);
				PRODUCT_BUNDLE_IDENTIFIER = com.alexiuce.UICollectionViewDemo;
				PRODUCT_NAME = "$(TARGET_NAME)";
				TARGETED_DEVICE_FAMILY = 1;
			};
			name = Release;
		};
		D8C138DA21ACDAB400FA92C4 /* Debug */ = {
			isa = XCBuildConfiguration;
			buildSettings = {
				CODE_SIGN_STYLE = Automatic;
				DEVELOPMENT_TEAM = AAV8FD48R9;
				INFOPLIST_FILE = RouterDemoUITests/Info.plist;
				LD_RUNPATH_SEARCH_PATHS = (
					"$(inherited)",
					"@executable_path/Frameworks",
					"@loader_path/Frameworks",
				);
				ONLY_ACTIVE_ARCH = YES;
				OTHER_LDFLAGS = "-Objc";
				PRODUCT_BUNDLE_IDENTIFIER = com.alexiuce.RouterDemoUITests;
				PRODUCT_NAME = "$(TARGET_NAME)";
				TARGETED_DEVICE_FAMILY = "1,2";
				TEST_TARGET_NAME = RouterDemo;
			};
			name = Debug;
		};
		D8C138DB21ACDAB400FA92C4 /* Release */ = {
			isa = XCBuildConfiguration;
			buildSettings = {
				CODE_SIGN_STYLE = Automatic;
				DEVELOPMENT_TEAM = AAV8FD48R9;
				INFOPLIST_FILE = RouterDemoUITests/Info.plist;
				LD_RUNPATH_SEARCH_PATHS = (
					"$(inherited)",
					"@executable_path/Frameworks",
					"@loader_path/Frameworks",
				);
				ONLY_ACTIVE_ARCH = YES;
				OTHER_LDFLAGS = "-Objc";
				PRODUCT_BUNDLE_IDENTIFIER = com.alexiuce.RouterDemoUITests;
				PRODUCT_NAME = "$(TARGET_NAME)";
				TARGETED_DEVICE_FAMILY = "1,2";
				TEST_TARGET_NAME = RouterDemo;
			};
			name = Release;
		};
		D8CBB3FE21B4FF3700D243FC /* Debug */ = {
			isa = XCBuildConfiguration;
			buildSettings = {
				CODE_SIGN_IDENTITY = "Mac Developer";
				CODE_SIGN_STYLE = Automatic;
				DEVELOPMENT_TEAM = AAV8FD48R9;
				MACOSX_DEPLOYMENT_TARGET = 10.14;
				PRODUCT_NAME = "$(TARGET_NAME)";
				SDKROOT = macosx;
			};
			name = Debug;
		};
		D8CBB3FF21B4FF3700D243FC /* Release */ = {
			isa = XCBuildConfiguration;
			buildSettings = {
				CODE_SIGN_IDENTITY = "Mac Developer";
				CODE_SIGN_STYLE = Automatic;
				DEVELOPMENT_TEAM = AAV8FD48R9;
				MACOSX_DEPLOYMENT_TARGET = 10.14;
				PRODUCT_NAME = "$(TARGET_NAME)";
				SDKROOT = macosx;
			};
			name = Release;
		};
/* End XCBuildConfiguration section */

/* Begin XCConfigurationList section */
		D848357C21B60762006C7AA4 /* Build configuration list for PBXNativeTarget "CADemo" */ = {
			isa = XCConfigurationList;
			buildConfigurations = (
				D848357A21B60762006C7AA4 /* Debug */,
				D848357B21B60762006C7AA4 /* Release */,
			);
			defaultConfigurationIsVisible = 0;
			defaultConfigurationName = Release;
		};
		D848358921B63086006C7AA4 /* Build configuration list for PBXNativeTarget "XCUnitTest" */ = {
			isa = XCConfigurationList;
			buildConfigurations = (
				D848358721B63086006C7AA4 /* Debug */,
				D848358821B63086006C7AA4 /* Release */,
			);
			defaultConfigurationIsVisible = 0;
			defaultConfigurationName = Release;
		};
		D88B75E921A77D7000951228 /* Build configuration list for PBXProject "RouterDemo" */ = {
			isa = XCConfigurationList;
			buildConfigurations = (
				D88B760221A77D7100951228 /* Debug */,
				D88B760321A77D7100951228 /* Release */,
			);
			defaultConfigurationIsVisible = 0;
			defaultConfigurationName = Release;
		};
		D88B760421A77D7100951228 /* Build configuration list for PBXNativeTarget "RouterDemo" */ = {
			isa = XCConfigurationList;
			buildConfigurations = (
				D88B760521A77D7100951228 /* Debug */,
				D88B760621A77D7100951228 /* Release */,
			);
			defaultConfigurationIsVisible = 0;
			defaultConfigurationName = Release;
		};
		D8A4626221B8B16A00914CE8 /* Build configuration list for PBXNativeTarget "UICollectionViewDemo" */ = {
			isa = XCConfigurationList;
			buildConfigurations = (
				D8A4626021B8B16A00914CE8 /* Debug */,
				D8A4626121B8B16A00914CE8 /* Release */,
			);
			defaultConfigurationIsVisible = 0;
			defaultConfigurationName = Release;
		};
		D8C138D921ACDAB400FA92C4 /* Build configuration list for PBXNativeTarget "RouterDemoUITests" */ = {
			isa = XCConfigurationList;
			buildConfigurations = (
				D8C138DA21ACDAB400FA92C4 /* Debug */,
				D8C138DB21ACDAB400FA92C4 /* Release */,
			);
			defaultConfigurationIsVisible = 0;
			defaultConfigurationName = Release;
		};
		D8CBB40021B4FF3700D243FC /* Build configuration list for PBXNativeTarget "XCARMAssembly" */ = {
			isa = XCConfigurationList;
			buildConfigurations = (
				D8CBB3FE21B4FF3700D243FC /* Debug */,
				D8CBB3FF21B4FF3700D243FC /* Release */,
			);
			defaultConfigurationIsVisible = 0;
			defaultConfigurationName = Release;
		};
/* End XCConfigurationList section */
	};
	rootObject = D88B75E621A77D7000951228 /* Project object */;
}
